// !$*UTF8*$!
{
	archiveVersion = 1;
	classes = {
	};
	objectVersion = 56;
	objects = {

/* Begin PBXBuildFile section */
		63C8855C2B873EEA00C33BFD /* SessionView.swift in Sources */ = {isa = PBXBuildFile; fileRef = 63C8855B2B873EEA00C33BFD /* SessionView.swift */; };
		63C8855E2B874CF500C33BFD /* TutorialView.swift in Sources */ = {isa = PBXBuildFile; fileRef = 63C8855D2B874CF500C33BFD /* TutorialView.swift */; };
		63C885602B874D3D00C33BFD /* TimerView.swift in Sources */ = {isa = PBXBuildFile; fileRef = 63C8855F2B874D3D00C33BFD /* TimerView.swift */; };
		63C885622B874DA100C33BFD /* MudraDetailsView.swift in Sources */ = {isa = PBXBuildFile; fileRef = 63C885612B874DA100C33BFD /* MudraDetailsView.swift */; };
		63C885642B874E1C00C33BFD /* TimerUtil.swift in Sources */ = {isa = PBXBuildFile; fileRef = 63C885632B874E1C00C33BFD /* TimerUtil.swift */; };
		63C885682B874EA500C33BFD /* MudraView.swift in Sources */ = {isa = PBXBuildFile; fileRef = 63C885672B874EA500C33BFD /* MudraView.swift */; };
		63C8856A2B87519400C33BFD /* HandGestureModel.swift in Sources */ = {isa = PBXBuildFile; fileRef = 63C885692B87519400C33BFD /* HandGestureModel.swift */; };
		63C8856C2B87520B00C33BFD /* Extensions.swift in Sources */ = {isa = PBXBuildFile; fileRef = 63C8856B2B87520B00C33BFD /* Extensions.swift */; };
		63C8856F2B87546300C33BFD /* Mudra.swift in Sources */ = {isa = PBXBuildFile; fileRef = 63C8856E2B87546300C33BFD /* Mudra.swift */; };
		63C885722B87556A00C33BFD /* MudraViewModel.swift in Sources */ = {isa = PBXBuildFile; fileRef = 63C885712B87556A00C33BFD /* MudraViewModel.swift */; };
		63FD24DA2B88BBD200E8551D /* DestinationView.swift in Sources */ = {isa = PBXBuildFile; fileRef = 63FD24D92B88BBD200E8551D /* DestinationView.swift */; };
		FA4C389A2B84B250000852DD /* RealityKitContent in Frameworks */ = {isa = PBXBuildFile; productRef = FA4C38992B84B250000852DD /* RealityKitContent */; };
		FA4C389C2B84B250000852DD /* MoodraAppVisionApp.swift in Sources */ = {isa = PBXBuildFile; fileRef = FA4C389B2B84B250000852DD /* MoodraAppVisionApp.swift */; };
		FA4C389E2B84B250000852DD /* ContentView.swift in Sources */ = {isa = PBXBuildFile; fileRef = FA4C389D2B84B250000852DD /* ContentView.swift */; };
		FA4C38A02B84B250000852DD /* ImmersiveView.swift in Sources */ = {isa = PBXBuildFile; fileRef = FA4C389F2B84B250000852DD /* ImmersiveView.swift */; };
		FA4C38A22B84B250000852DD /* ImageBasedLighting.skybox in Resources */ = {isa = PBXBuildFile; fileRef = FA4C38A12B84B250000852DD /* ImageBasedLighting.skybox */; };
		FA4C38A42B84B25D000852DD /* Assets.xcassets in Resources */ = {isa = PBXBuildFile; fileRef = FA4C38A32B84B25D000852DD /* Assets.xcassets */; };
		FA4C38A72B84B25D000852DD /* Preview Assets.xcassets in Resources */ = {isa = PBXBuildFile; fileRef = FA4C38A62B84B25D000852DD /* Preview Assets.xcassets */; };
/* End PBXBuildFile section */

/* Begin PBXFileReference section */
		63C8855B2B873EEA00C33BFD /* SessionView.swift */ = {isa = PBXFileReference; lastKnownFileType = sourcecode.swift; path = SessionView.swift; sourceTree = "<group>"; };
		63C8855D2B874CF500C33BFD /* TutorialView.swift */ = {isa = PBXFileReference; lastKnownFileType = sourcecode.swift; path = TutorialView.swift; sourceTree = "<group>"; };
		63C8855F2B874D3D00C33BFD /* TimerView.swift */ = {isa = PBXFileReference; lastKnownFileType = sourcecode.swift; path = TimerView.swift; sourceTree = "<group>"; };
		63C885612B874DA100C33BFD /* MudraDetailsView.swift */ = {isa = PBXFileReference; lastKnownFileType = sourcecode.swift; path = MudraDetailsView.swift; sourceTree = "<group>"; };
		63C885632B874E1C00C33BFD /* TimerUtil.swift */ = {isa = PBXFileReference; lastKnownFileType = sourcecode.swift; path = TimerUtil.swift; sourceTree = "<group>"; };
		63C885672B874EA500C33BFD /* MudraView.swift */ = {isa = PBXFileReference; lastKnownFileType = sourcecode.swift; path = MudraView.swift; sourceTree = "<group>"; };
		63C885692B87519400C33BFD /* HandGestureModel.swift */ = {isa = PBXFileReference; lastKnownFileType = sourcecode.swift; path = HandGestureModel.swift; sourceTree = "<group>"; };
		63C8856B2B87520B00C33BFD /* Extensions.swift */ = {isa = PBXFileReference; lastKnownFileType = sourcecode.swift; path = Extensions.swift; sourceTree = "<group>"; };
		63C8856E2B87546300C33BFD /* Mudra.swift */ = {isa = PBXFileReference; lastKnownFileType = sourcecode.swift; path = Mudra.swift; sourceTree = "<group>"; };
		63C885712B87556A00C33BFD /* MudraViewModel.swift */ = {isa = PBXFileReference; lastKnownFileType = sourcecode.swift; path = MudraViewModel.swift; sourceTree = "<group>"; };
		63FD24D92B88BBD200E8551D /* DestinationView.swift */ = {isa = PBXFileReference; lastKnownFileType = sourcecode.swift; path = DestinationView.swift; sourceTree = "<group>"; };
		FA4C38942B84B250000852DD /* MoodraAppVision.app */ = {isa = PBXFileReference; explicitFileType = wrapper.application; includeInIndex = 0; path = MoodraAppVision.app; sourceTree = BUILT_PRODUCTS_DIR; };
		FA4C38982B84B250000852DD /* RealityKitContent */ = {isa = PBXFileReference; lastKnownFileType = wrapper; path = RealityKitContent; sourceTree = "<group>"; };
		FA4C389B2B84B250000852DD /* MoodraAppVisionApp.swift */ = {isa = PBXFileReference; lastKnownFileType = sourcecode.swift; path = MoodraAppVisionApp.swift; sourceTree = "<group>"; };
		FA4C389D2B84B250000852DD /* ContentView.swift */ = {isa = PBXFileReference; lastKnownFileType = sourcecode.swift; path = ContentView.swift; sourceTree = "<group>"; };
		FA4C389F2B84B250000852DD /* ImmersiveView.swift */ = {isa = PBXFileReference; lastKnownFileType = sourcecode.swift; path = ImmersiveView.swift; sourceTree = "<group>"; };
		FA4C38A12B84B250000852DD /* ImageBasedLighting.skybox */ = {isa = PBXFileReference; lastKnownFileType = file.skybox; path = ImageBasedLighting.skybox; sourceTree = "<group>"; };
		FA4C38A32B84B25D000852DD /* Assets.xcassets */ = {isa = PBXFileReference; lastKnownFileType = folder.assetcatalog; path = Assets.xcassets; sourceTree = "<group>"; };
		FA4C38A62B84B25D000852DD /* Preview Assets.xcassets */ = {isa = PBXFileReference; lastKnownFileType = folder.assetcatalog; path = "Preview Assets.xcassets"; sourceTree = "<group>"; };
		FA4C38A82B84B25D000852DD /* Info.plist */ = {isa = PBXFileReference; lastKnownFileType = text.plist.xml; path = Info.plist; sourceTree = "<group>"; };
/* End PBXFileReference section */

/* Begin PBXFrameworksBuildPhase section */
		FA4C38912B84B250000852DD /* Frameworks */ = {
			isa = PBXFrameworksBuildPhase;
			buildActionMask = 2147483647;
			files = (
				FA4C389A2B84B250000852DD /* RealityKitContent in Frameworks */,
			);
			runOnlyForDeploymentPostprocessing = 0;
		};
/* End PBXFrameworksBuildPhase section */

/* Begin PBXGroup section */
		63C885652B874E2800C33BFD /* View */ = {
			isa = PBXGroup;
			children = (
				FA4C389D2B84B250000852DD /* ContentView.swift */,
				FA4C389F2B84B250000852DD /* ImmersiveView.swift */,
				63C8855B2B873EEA00C33BFD /* SessionView.swift */,
				63C8855F2B874D3D00C33BFD /* TimerView.swift */,
				63C8855D2B874CF500C33BFD /* TutorialView.swift */,
				63C885612B874DA100C33BFD /* MudraDetailsView.swift */,
				63C885672B874EA500C33BFD /* MudraView.swift */,
				63FD24D92B88BBD200E8551D /* DestinationView.swift */,
			);
			path = View;
			sourceTree = "<group>";
		};
		63C885662B874E3800C33BFD /* Utility */ = {
			isa = PBXGroup;
			children = (
				FA4C389B2B84B250000852DD /* MoodraAppVisionApp.swift */,
				63C885632B874E1C00C33BFD /* TimerUtil.swift */,
				63C885692B87519400C33BFD /* HandGestureModel.swift */,
				63C8856B2B87520B00C33BFD /* Extensions.swift */,
			);
			path = Utility;
			sourceTree = "<group>";
		};
		63C8856D2B87545400C33BFD /* Model */ = {
			isa = PBXGroup;
			children = (
				63C8856E2B87546300C33BFD /* Mudra.swift */,
			);
			path = Model;
			sourceTree = "<group>";
		};
		63C885702B87555D00C33BFD /* ViewModel */ = {
			isa = PBXGroup;
			children = (
				63C885712B87556A00C33BFD /* MudraViewModel.swift */,
			);
			path = ViewModel;
			sourceTree = "<group>";
		};
		FA4C388B2B84B250000852DD = {
			isa = PBXGroup;
			children = (
				FA4C38962B84B250000852DD /* MoodraAppVision */,
				FA4C38972B84B250000852DD /* Packages */,
				FA4C38952B84B250000852DD /* Products */,
			);
			sourceTree = "<group>";
		};
		FA4C38952B84B250000852DD /* Products */ = {
			isa = PBXGroup;
			children = (
				FA4C38942B84B250000852DD /* MoodraAppVision.app */,
			);
			name = Products;
			sourceTree = "<group>";
		};
		FA4C38962B84B250000852DD /* MoodraAppVision */ = {
			isa = PBXGroup;
			children = (
				63C885702B87555D00C33BFD /* ViewModel */,
				63C8856D2B87545400C33BFD /* Model */,
				63C885662B874E3800C33BFD /* Utility */,
				63C885652B874E2800C33BFD /* View */,
				FA4C38A12B84B250000852DD /* ImageBasedLighting.skybox */,
				FA4C38A32B84B25D000852DD /* Assets.xcassets */,
				FA4C38A82B84B25D000852DD /* Info.plist */,
				FA4C38A52B84B25D000852DD /* Preview Content */,
			);
			path = MoodraAppVision;
			sourceTree = "<group>";
		};
		FA4C38972B84B250000852DD /* Packages */ = {
			isa = PBXGroup;
			children = (
				FA4C38982B84B250000852DD /* RealityKitContent */,
			);
			path = Packages;
			sourceTree = "<group>";
		};
		FA4C38A52B84B25D000852DD /* Preview Content */ = {
			isa = PBXGroup;
			children = (
				FA4C38A62B84B25D000852DD /* Preview Assets.xcassets */,
			);
			path = "Preview Content";
			sourceTree = "<group>";
		};
/* End PBXGroup section */

/* Begin PBXNativeTarget section */
		FA4C38932B84B250000852DD /* MoodraAppVision */ = {
			isa = PBXNativeTarget;
			buildConfigurationList = FA4C38AB2B84B25D000852DD /* Build configuration list for PBXNativeTarget "MoodraAppVision" */;
			buildPhases = (
				FA4C38902B84B250000852DD /* Sources */,
				FA4C38912B84B250000852DD /* Frameworks */,
				FA4C38922B84B250000852DD /* Resources */,
			);
			buildRules = (
			);
			dependencies = (
			);
			name = MoodraAppVision;
			packageProductDependencies = (
				FA4C38992B84B250000852DD /* RealityKitContent */,
			);
			productName = MoodraAppVision;
			productReference = FA4C38942B84B250000852DD /* MoodraAppVision.app */;
			productType = "com.apple.product-type.application";
		};
/* End PBXNativeTarget section */

/* Begin PBXProject section */
		FA4C388C2B84B250000852DD /* Project object */ = {
			isa = PBXProject;
			attributes = {
				BuildIndependentTargetsInParallel = 1;
				LastSwiftUpdateCheck = 1520;
				LastUpgradeCheck = 1520;
				TargetAttributes = {
					FA4C38932B84B250000852DD = {
						CreatedOnToolsVersion = 15.2;
					};
				};
			};
			buildConfigurationList = FA4C388F2B84B250000852DD /* Build configuration list for PBXProject "MoodraAppVision" */;
			compatibilityVersion = "Xcode 14.0";
			developmentRegion = en;
			hasScannedForEncodings = 0;
			knownRegions = (
				en,
				Base,
			);
			mainGroup = FA4C388B2B84B250000852DD;
			productRefGroup = FA4C38952B84B250000852DD /* Products */;
			projectDirPath = "";
			projectRoot = "";
			targets = (
				FA4C38932B84B250000852DD /* MoodraAppVision */,
			);
		};
/* End PBXProject section */

/* Begin PBXResourcesBuildPhase section */
		FA4C38922B84B250000852DD /* Resources */ = {
			isa = PBXResourcesBuildPhase;
			buildActionMask = 2147483647;
			files = (
				FA4C38A42B84B25D000852DD /* Assets.xcassets in Resources */,
				FA4C38A72B84B25D000852DD /* Preview Assets.xcassets in Resources */,
				FA4C38A22B84B250000852DD /* ImageBasedLighting.skybox in Resources */,
			);
			runOnlyForDeploymentPostprocessing = 0;
		};
/* End PBXResourcesBuildPhase section */

/* Begin PBXSourcesBuildPhase section */
		FA4C38902B84B250000852DD /* Sources */ = {
			isa = PBXSourcesBuildPhase;
			buildActionMask = 2147483647;
			files = (
				63C8856A2B87519400C33BFD /* HandGestureModel.swift in Sources */,
				63FD24DA2B88BBD200E8551D /* DestinationView.swift in Sources */,
				63C885602B874D3D00C33BFD /* TimerView.swift in Sources */,
				63C885642B874E1C00C33BFD /* TimerUtil.swift in Sources */,
				63C8856F2B87546300C33BFD /* Mudra.swift in Sources */,
				FA4C389E2B84B250000852DD /* ContentView.swift in Sources */,
				FA4C389C2B84B250000852DD /* MoodraAppVisionApp.swift in Sources */,
				FA4C38A02B84B250000852DD /* ImmersiveView.swift in Sources */,
				63C885622B874DA100C33BFD /* MudraDetailsView.swift in Sources */,
				63C8855E2B874CF500C33BFD /* TutorialView.swift in Sources */,
				63C885682B874EA500C33BFD /* MudraView.swift in Sources */,
				63C885722B87556A00C33BFD /* MudraViewModel.swift in Sources */,
				63C8856C2B87520B00C33BFD /* Extensions.swift in Sources */,
				63C8855C2B873EEA00C33BFD /* SessionView.swift in Sources */,
			);
			runOnlyForDeploymentPostprocessing = 0;
		};
/* End PBXSourcesBuildPhase section */

/* Begin XCBuildConfiguration section */
		FA4C38A92B84B25D000852DD /* Debug */ = {
			isa = XCBuildConfiguration;
			buildSettings = {
				ALWAYS_SEARCH_USER_PATHS = NO;
				ASSETCATALOG_COMPILER_GENERATE_SWIFT_ASSET_SYMBOL_EXTENSIONS = YES;
				CLANG_ANALYZER_NONNULL = YES;
				CLANG_ANALYZER_NUMBER_OBJECT_CONVERSION = YES_AGGRESSIVE;
				CLANG_CXX_LANGUAGE_STANDARD = "gnu++20";
				CLANG_ENABLE_MODULES = YES;
				CLANG_ENABLE_OBJC_ARC = YES;
				CLANG_ENABLE_OBJC_WEAK = YES;
				CLANG_WARN_BLOCK_CAPTURE_AUTORELEASING = YES;
				CLANG_WARN_BOOL_CONVERSION = YES;
				CLANG_WARN_COMMA = YES;
				CLANG_WARN_CONSTANT_CONVERSION = YES;
				CLANG_WARN_DEPRECATED_OBJC_IMPLEMENTATIONS = YES;
				CLANG_WARN_DIRECT_OBJC_ISA_USAGE = YES_ERROR;
				CLANG_WARN_DOCUMENTATION_COMMENTS = YES;
				CLANG_WARN_EMPTY_BODY = YES;
				CLANG_WARN_ENUM_CONVERSION = YES;
				CLANG_WARN_INFINITE_RECURSION = YES;
				CLANG_WARN_INT_CONVERSION = YES;
				CLANG_WARN_NON_LITERAL_NULL_CONVERSION = YES;
				CLANG_WARN_OBJC_IMPLICIT_RETAIN_SELF = YES;
				CLANG_WARN_OBJC_LITERAL_CONVERSION = YES;
				CLANG_WARN_OBJC_ROOT_CLASS = YES_ERROR;
				CLANG_WARN_QUOTED_INCLUDE_IN_FRAMEWORK_HEADER = YES;
				CLANG_WARN_RANGE_LOOP_ANALYSIS = YES;
				CLANG_WARN_STRICT_PROTOTYPES = YES;
				CLANG_WARN_SUSPICIOUS_MOVE = YES;
				CLANG_WARN_UNGUARDED_AVAILABILITY = YES_AGGRESSIVE;
				CLANG_WARN_UNREACHABLE_CODE = YES;
				CLANG_WARN__DUPLICATE_METHOD_MATCH = YES;
				COPY_PHASE_STRIP = NO;
				DEBUG_INFORMATION_FORMAT = dwarf;
				ENABLE_STRICT_OBJC_MSGSEND = YES;
				ENABLE_TESTABILITY = YES;
				ENABLE_USER_SCRIPT_SANDBOXING = YES;
				GCC_C_LANGUAGE_STANDARD = gnu17;
				GCC_DYNAMIC_NO_PIC = NO;
				GCC_NO_COMMON_BLOCKS = YES;
				GCC_OPTIMIZATION_LEVEL = 0;
				GCC_PREPROCESSOR_DEFINITIONS = (
					"DEBUG=1",
					"$(inherited)",
				);
				GCC_WARN_64_TO_32_BIT_CONVERSION = YES;
				GCC_WARN_ABOUT_RETURN_TYPE = YES_ERROR;
				GCC_WARN_UNDECLARED_SELECTOR = YES;
				GCC_WARN_UNINITIALIZED_AUTOS = YES_AGGRESSIVE;
				GCC_WARN_UNUSED_FUNCTION = YES;
				GCC_WARN_UNUSED_VARIABLE = YES;
				LOCALIZATION_PREFERS_STRING_CATALOGS = YES;
				MTL_ENABLE_DEBUG_INFO = INCLUDE_SOURCE;
				MTL_FAST_MATH = YES;
				ONLY_ACTIVE_ARCH = YES;
				SDKROOT = xros;
				SWIFT_ACTIVE_COMPILATION_CONDITIONS = "DEBUG $(inherited)";
				SWIFT_OPTIMIZATION_LEVEL = "-Onone";
				XROS_DEPLOYMENT_TARGET = 1.0;
			};
			name = Debug;
		};
		FA4C38AA2B84B25D000852DD /* Release */ = {
			isa = XCBuildConfiguration;
			buildSettings = {
				ALWAYS_SEARCH_USER_PATHS = NO;
				ASSETCATALOG_COMPILER_GENERATE_SWIFT_ASSET_SYMBOL_EXTENSIONS = YES;
				CLANG_ANALYZER_NONNULL = YES;
				CLANG_ANALYZER_NUMBER_OBJECT_CONVERSION = YES_AGGRESSIVE;
				CLANG_CXX_LANGUAGE_STANDARD = "gnu++20";
				CLANG_ENABLE_MODULES = YES;
				CLANG_ENABLE_OBJC_ARC = YES;
				CLANG_ENABLE_OBJC_WEAK = YES;
				CLANG_WARN_BLOCK_CAPTURE_AUTORELEASING = YES;
				CLANG_WARN_BOOL_CONVERSION = YES;
				CLANG_WARN_COMMA = YES;
				CLANG_WARN_CONSTANT_CONVERSION = YES;
				CLANG_WARN_DEPRECATED_OBJC_IMPLEMENTATIONS = YES;
				CLANG_WARN_DIRECT_OBJC_ISA_USAGE = YES_ERROR;
				CLANG_WARN_DOCUMENTATION_COMMENTS = YES;
				CLANG_WARN_EMPTY_BODY = YES;
				CLANG_WARN_ENUM_CONVERSION = YES;
				CLANG_WARN_INFINITE_RECURSION = YES;
				CLANG_WARN_INT_CONVERSION = YES;
				CLANG_WARN_NON_LITERAL_NULL_CONVERSION = YES;
				CLANG_WARN_OBJC_IMPLICIT_RETAIN_SELF = YES;
				CLANG_WARN_OBJC_LITERAL_CONVERSION = YES;
				CLANG_WARN_OBJC_ROOT_CLASS = YES_ERROR;
				CLANG_WARN_QUOTED_INCLUDE_IN_FRAMEWORK_HEADER = YES;
				CLANG_WARN_RANGE_LOOP_ANALYSIS = YES;
				CLANG_WARN_STRICT_PROTOTYPES = YES;
				CLANG_WARN_SUSPICIOUS_MOVE = YES;
				CLANG_WARN_UNGUARDED_AVAILABILITY = YES_AGGRESSIVE;
				CLANG_WARN_UNREACHABLE_CODE = YES;
				CLANG_WARN__DUPLICATE_METHOD_MATCH = YES;
				COPY_PHASE_STRIP = NO;
				DEBUG_INFORMATION_FORMAT = "dwarf-with-dsym";
				ENABLE_NS_ASSERTIONS = NO;
				ENABLE_STRICT_OBJC_MSGSEND = YES;
				ENABLE_USER_SCRIPT_SANDBOXING = YES;
				GCC_C_LANGUAGE_STANDARD = gnu17;
				GCC_NO_COMMON_BLOCKS = YES;
				GCC_WARN_64_TO_32_BIT_CONVERSION = YES;
				GCC_WARN_ABOUT_RETURN_TYPE = YES_ERROR;
				GCC_WARN_UNDECLARED_SELECTOR = YES;
				GCC_WARN_UNINITIALIZED_AUTOS = YES_AGGRESSIVE;
				GCC_WARN_UNUSED_FUNCTION = YES;
				GCC_WARN_UNUSED_VARIABLE = YES;
				LOCALIZATION_PREFERS_STRING_CATALOGS = YES;
				MTL_ENABLE_DEBUG_INFO = NO;
				MTL_FAST_MATH = YES;
				SDKROOT = xros;
				SWIFT_COMPILATION_MODE = wholemodule;
				VALIDATE_PRODUCT = YES;
				XROS_DEPLOYMENT_TARGET = 1.0;
			};
			name = Release;
		};
		FA4C38AC2B84B25D000852DD /* Debug */ = {
			isa = XCBuildConfiguration;
			buildSettings = {
				ASSETCATALOG_COMPILER_APPICON_NAME = AppIcon;
				ASSETCATALOG_COMPILER_GLOBAL_ACCENT_COLOR_NAME = AccentColor;
				CODE_SIGN_STYLE = Automatic;
				CURRENT_PROJECT_VERSION = 1;
				DEVELOPMENT_ASSET_PATHS = "\"MoodraAppVision/Preview Content\"";
				DEVELOPMENT_TEAM = J736YJDRJZ;
				ENABLE_PREVIEWS = YES;
				GENERATE_INFOPLIST_FILE = YES;
				INFOPLIST_FILE = "$(TARGET_NAME)/Info.plist";
				LD_RUNPATH_SEARCH_PATHS = (
					"$(inherited)",
					"@executable_path/Frameworks",
				);
				MARKETING_VERSION = 1.0;
				PRODUCT_BUNDLE_IDENTIFIER = com.alexvulgo.Moodra;
				PRODUCT_NAME = "$(TARGET_NAME)";
				SUPPORTED_PLATFORMS = "xros xrsimulator";
				SWIFT_EMIT_LOC_STRINGS = YES;
				SWIFT_VERSION = 5.0;
				TARGETED_DEVICE_FAMILY = "1,2,7";
			};
			name = Debug;
		};
		FA4C38AD2B84B25D000852DD /* Release */ = {
			isa = XCBuildConfiguration;
			buildSettings = {
				ASSETCATALOG_COMPILER_APPICON_NAME = AppIcon;
				ASSETCATALOG_COMPILER_GLOBAL_ACCENT_COLOR_NAME = AccentColor;
				CODE_SIGN_STYLE = Automatic;
				CURRENT_PROJECT_VERSION = 1;
				DEVELOPMENT_ASSET_PATHS = "\"MoodraAppVision/Preview Content\"";
				DEVELOPMENT_TEAM = J736YJDRJZ;
				ENABLE_PREVIEWS = YES;
				GENERATE_INFOPLIST_FILE = YES;
				INFOPLIST_FILE = "$(TARGET_NAME)/Info.plist";
				LD_RUNPATH_SEARCH_PATHS = (
					"$(inherited)",
					"@executable_path/Frameworks",
				);
				MARKETING_VERSION = 1.0;
				PRODUCT_BUNDLE_IDENTIFIER = com.alexvulgo.Moodra;
				PRODUCT_NAME = "$(TARGET_NAME)";
				SUPPORTED_PLATFORMS = "xros xrsimulator";
				SWIFT_EMIT_LOC_STRINGS = YES;
				SWIFT_VERSION = 5.0;
				TARGETED_DEVICE_FAMILY = "1,2,7";
			};
			name = Release;
		};
/* End XCBuildConfiguration section */

/* Begin XCConfigurationList section */
		FA4C388F2B84B250000852DD /* Build configuration list for PBXProject "MoodraAppVision" */ = {
			isa = XCConfigurationList;
			buildConfigurations = (
				FA4C38A92B84B25D000852DD /* Debug */,
				FA4C38AA2B84B25D000852DD /* Release */,
			);
			defaultConfigurationIsVisible = 0;
			defaultConfigurationName = Release;
		};
		FA4C38AB2B84B25D000852DD /* Build configuration list for PBXNativeTarget "MoodraAppVision" */ = {
			isa = XCConfigurationList;
			buildConfigurations = (
				FA4C38AC2B84B25D000852DD /* Debug */,
				FA4C38AD2B84B25D000852DD /* Release */,
			);
			defaultConfigurationIsVisible = 0;
			defaultConfigurationName = Release;
		};
/* End XCConfigurationList section */

/* Begin XCSwiftPackageProductDependency section */
		FA4C38992B84B250000852DD /* RealityKitContent */ = {
			isa = XCSwiftPackageProductDependency;
			productName = RealityKitContent;
		};
/* End XCSwiftPackageProductDependency section */
	};
	rootObject = FA4C388C2B84B250000852DD /* Project object */;
}
